
Microsoft Visual Studio Solution File, Format Version 12.00
# Visual Studio Version 17
VisualStudioVersion = 17.5.002.0
MinimumVisualStudioVersion = 10.0.40219.1
Project("{2150E333-8FDC-42A3-9474-1A3956D46DE8}") = "sandbox", "sandbox", "{A7381B1C-C32C-47F9-A946-893D5CA69F52}"
EndProject
Project("{9A19103F-16F7-4668-BE54-9A1E7A4F7556}") = "sandbox_project", "sandbox\sandbox_project\sandbox_project.csproj", "{65FDDFC4-5FF7-4DB2-B242-81AB09C766DA}"
EndProject
Project("{2150E333-8FDC-42A3-9474-1A3956D46DE8}") = "week01", "week01", "{CCB28D0C-F34D-4478-A9FA-B33C50AACC7A}"
EndProject
Project("{9A19103F-16F7-4668-BE54-9A1E7A4F7556}") = "analyze", "week01\analyze\analyze.csproj", "{8458E340-EA15-4C54-B5C6-C7A9D1B47BE5}"
EndProject
Project("{9A19103F-16F7-4668-BE54-9A1E7A4F7556}") = "code", "week01\code\code.csproj", "{2BA43928-2A20-42BD-8181-02B8B6A53951}"
EndProject
Project("{9A19103F-16F7-4668-BE54-9A1E7A4F7556}") = "teach", "week01\teach\teach.csproj", "{907B79FD-0863-4472-B392-92176ADD69E4}"
EndProject
Project("{2150E333-8FDC-42A3-9474-1A3956D46DE8}") = "week02", "week02", "{3E276908-B0A9-42E8-BA26-1555FBECC770}"
EndProject
Project("{9A19103F-16F7-4668-BE54-9A1E7A4F7556}") = "analyze", "week02\analyze\analyze.csproj", "{FCD96DA1-A48B-491B-B582-928373AEABBC}"
EndProject
Project("{9A19103F-16F7-4668-BE54-9A1E7A4F7556}") = "code", "week02\code\code.csproj", "{8D35064F-817C-4F0D-B8F5-F20778EDB906}"
EndProject
Project("{9A19103F-16F7-4668-BE54-9A1E7A4F7556}") = "learn", "week02\learn\learn.csproj", "{95340C34-2CB3-47EA-8ADF-821002ECC50E}"
EndProject
Project("{9A19103F-16F7-4668-BE54-9A1E7A4F7556}") = "teach", "week02\teach\teach.csproj", "{551E8F95-EC16-44B8-A50A-11BBA4824984}"
EndProject
Project("{2150E333-8FDC-42A3-9474-1A3956D46DE8}") = "week03", "week03", "{7BFB2AE6-14C7-491E-9938-019A28D82F27}"
EndProject
Project("{9A19103F-16F7-4668-BE54-9A1E7A4F7556}") = "code", "week03\code\code.csproj", "{5547538D-9D54-4CD4-9A17-40D67BA4C662}"
EndProject
Project("{9A19103F-16F7-4668-BE54-9A1E7A4F7556}") = "learn", "week03\learn\learn.csproj", "{EB714134-AEED-469D-8A26-41819A00E2B0}"
EndProject
Project("{9A19103F-16F7-4668-BE54-9A1E7A4F7556}") = "teach", "week03\teach\teach.csproj", "{504ECA49-B193-4503-92B0-EDA577B5E56D}"
EndProject
Project("{2150E333-8FDC-42A3-9474-1A3956D46DE8}") = "week04", "week04", "{5CC4E323-7D07-48DA-BDFD-1E57890E5A1D}"
EndProject
Project("{9A19103F-16F7-4668-BE54-9A1E7A4F7556}") = "code", "week04\code\code.csproj", "{8C989464-0AC3-4BC1-8528-59C06BEC8FE1}"
EndProject
Project("{2150E333-8FDC-42A3-9474-1A3956D46DE8}") = "week05", "week05", "{E4762EAD-9B2C-4136-817E-B2FA292DA42A}"
EndProject
Project("{9A19103F-16F7-4668-BE54-9A1E7A4F7556}") = "code", "week05\code\code.csproj", "{BEF6158F-B9C7-4046-BE36-AA21EBCECE84}"
EndProject
Project("{2150E333-8FDC-42A3-9474-1A3956D46DE8}") = "week06", "week06", "{68030B4D-0E51-4FAA-BCCC-168B19DC3054}"
EndProject
Project("{9A19103F-16F7-4668-BE54-9A1E7A4F7556}") = "code", "week06\code\code.csproj", "{266F744C-FEC6-4433-9110-FFC83F2A6CFE}"
EndProject
Global
	GlobalSection(SolutionConfigurationPlatforms) = preSolution
		Debug|Any CPU = Debug|Any CPU
		Release|Any CPU = Release|Any CPU
	EndGlobalSection
	GlobalSection(ProjectConfigurationPlatforms) = postSolution
		{65FDDFC4-5FF7-4DB2-B242-81AB09C766DA}.Debug|Any CPU.ActiveCfg = Debug|Any CPU
		{65FDDFC4-5FF7-4DB2-B242-81AB09C766DA}.Debug|Any CPU.Build.0 = Debug|Any CPU
		{65FDDFC4-5FF7-4DB2-B242-81AB09C766DA}.Release|Any CPU.ActiveCfg = Release|Any CPU
		{65FDDFC4-5FF7-4DB2-B242-81AB09C766DA}.Release|Any CPU.Build.0 = Release|Any CPU
		{8458E340-EA15-4C54-B5C6-C7A9D1B47BE5}.Debug|Any CPU.ActiveCfg = Debug|Any CPU
		{8458E340-EA15-4C54-B5C6-C7A9D1B47BE5}.Debug|Any CPU.Build.0 = Debug|Any CPU
		{8458E340-EA15-4C54-B5C6-C7A9D1B47BE5}.Release|Any CPU.ActiveCfg = Release|Any CPU
		{8458E340-EA15-4C54-B5C6-C7A9D1B47BE5}.Release|Any CPU.Build.0 = Release|Any CPU
		{2BA43928-2A20-42BD-8181-02B8B6A53951}.Debug|Any CPU.ActiveCfg = Debug|Any CPU
		{2BA43928-2A20-42BD-8181-02B8B6A53951}.Debug|Any CPU.Build.0 = Debug|Any CPU
		{2BA43928-2A20-42BD-8181-02B8B6A53951}.Release|Any CPU.ActiveCfg = Release|Any CPU
		{2BA43928-2A20-42BD-8181-02B8B6A53951}.Release|Any CPU.Build.0 = Release|Any CPU
		{907B79FD-0863-4472-B392-92176ADD69E4}.Debug|Any CPU.ActiveCfg = Debug|Any CPU
		{907B79FD-0863-4472-B392-92176ADD69E4}.Debug|Any CPU.Build.0 = Debug|Any CPU
		{907B79FD-0863-4472-B392-92176ADD69E4}.Release|Any CPU.ActiveCfg = Release|Any CPU
		{907B79FD-0863-4472-B392-92176ADD69E4}.Release|Any CPU.Build.0 = Release|Any CPU
		{FCD96DA1-A48B-491B-B582-928373AEABBC}.Debug|Any CPU.ActiveCfg = Debug|Any CPU
		{FCD96DA1-A48B-491B-B582-928373AEABBC}.Debug|Any CPU.Build.0 = Debug|Any CPU
		{FCD96DA1-A48B-491B-B582-928373AEABBC}.Release|Any CPU.ActiveCfg = Release|Any CPU
		{FCD96DA1-A48B-491B-B582-928373AEABBC}.Release|Any CPU.Build.0 = Release|Any CPU
		{8D35064F-817C-4F0D-B8F5-F20778EDB906}.Debug|Any CPU.ActiveCfg = Debug|Any CPU
		{8D35064F-817C-4F0D-B8F5-F20778EDB906}.Debug|Any CPU.Build.0 = Debug|Any CPU
		{8D35064F-817C-4F0D-B8F5-F20778EDB906}.Release|Any CPU.ActiveCfg = Release|Any CPU
		{8D35064F-817C-4F0D-B8F5-F20778EDB906}.Release|Any CPU.Build.0 = Release|Any CPU
		{95340C34-2CB3-47EA-8ADF-821002ECC50E}.Debug|Any CPU.ActiveCfg = Debug|Any CPU
		{95340C34-2CB3-47EA-8ADF-821002ECC50E}.Debug|Any CPU.Build.0 = Debug|Any CPU
		{95340C34-2CB3-47EA-8ADF-821002ECC50E}.Release|Any CPU.ActiveCfg = Release|Any CPU
		{95340C34-2CB3-47EA-8ADF-821002ECC50E}.Release|Any CPU.Build.0 = Release|Any CPU
		{551E8F95-EC16-44B8-A50A-11BBA4824984}.Debug|Any CPU.ActiveCfg = Debug|Any CPU
		{551E8F95-EC16-44B8-A50A-11BBA4824984}.Debug|Any CPU.Build.0 = Debug|Any CPU
		{551E8F95-EC16-44B8-A50A-11BBA4824984}.Release|Any CPU.ActiveCfg = Release|Any CPU
		{551E8F95-EC16-44B8-A50A-11BBA4824984}.Release|Any CPU.Build.0 = Release|Any CPU
		{5547538D-9D54-4CD4-9A17-40D67BA4C662}.Debug|Any CPU.ActiveCfg = Debug|Any CPU
		{5547538D-9D54-4CD4-9A17-40D67BA4C662}.Debug|Any CPU.Build.0 = Debug|Any CPU
		{5547538D-9D54-4CD4-9A17-40D67BA4C662}.Release|Any CPU.ActiveCfg = Release|Any CPU
		{5547538D-9D54-4CD4-9A17-40D67BA4C662}.Release|Any CPU.Build.0 = Release|Any CPU
		{EB714134-AEED-469D-8A26-41819A00E2B0}.Debug|Any CPU.ActiveCfg = Debug|Any CPU
		{EB714134-AEED-469D-8A26-41819A00E2B0}.Debug|Any CPU.Build.0 = Debug|Any CPU
		{EB714134-AEED-469D-8A26-41819A00E2B0}.Release|Any CPU.ActiveCfg = Release|Any CPU
		{EB714134-AEED-469D-8A26-41819A00E2B0}.Release|Any CPU.Build.0 = Release|Any CPU
		{504ECA49-B193-4503-92B0-EDA577B5E56D}.Debug|Any CPU.ActiveCfg = Debug|Any CPU
		{504ECA49-B193-4503-92B0-EDA577B5E56D}.Debug|Any CPU.Build.0 = Debug|Any CPU
		{504ECA49-B193-4503-92B0-EDA577B5E56D}.Release|Any CPU.ActiveCfg = Release|Any CPU
		{504ECA49-B193-4503-92B0-EDA577B5E56D}.Release|Any CPU.Build.0 = Release|Any CPU
		{8C989464-0AC3-4BC1-8528-59C06BEC8FE1}.Debug|Any CPU.ActiveCfg = Debug|Any CPU
		{8C989464-0AC3-4BC1-8528-59C06BEC8FE1}.Debug|Any CPU.Build.0 = Debug|Any CPU
		{8C989464-0AC3-4BC1-8528-59C06BEC8FE1}.Release|Any CPU.ActiveCfg = Release|Any CPU
		{8C989464-0AC3-4BC1-8528-59C06BEC8FE1}.Release|Any CPU.Build.0 = Release|Any CPU
		{BEF6158F-B9C7-4046-BE36-AA21EBCECE84}.Debug|Any CPU.ActiveCfg = Debug|Any CPU
		{BEF6158F-B9C7-4046-BE36-AA21EBCECE84}.Debug|Any CPU.Build.0 = Debug|Any CPU
		{BEF6158F-B9C7-4046-BE36-AA21EBCECE84}.Release|Any CPU.ActiveCfg = Release|Any CPU
		{BEF6158F-B9C7-4046-BE36-AA21EBCECE84}.Release|Any CPU.Build.0 = Release|Any CPU
		{266F744C-FEC6-4433-9110-FFC83F2A6CFE}.Debug|Any CPU.ActiveCfg = Debug|Any CPU
		{266F744C-FEC6-4433-9110-FFC83F2A6CFE}.Debug|Any CPU.Build.0 = Debug|Any CPU
		{266F744C-FEC6-4433-9110-FFC83F2A6CFE}.Release|Any CPU.ActiveCfg = Release|Any CPU
		{266F744C-FEC6-4433-9110-FFC83F2A6CFE}.Release|Any CPU.Build.0 = Release|Any CPU
	EndGlobalSection
	GlobalSection(SolutionProperties) = preSolution
		HideSolutionNode = FALSE
	EndGlobalSection
	GlobalSection(NestedProjects) = preSolution
		{65FDDFC4-5FF7-4DB2-B242-81AB09C766DA} = {A7381B1C-C32C-47F9-A946-893D5CA69F52}
		{8458E340-EA15-4C54-B5C6-C7A9D1B47BE5} = {CCB28D0C-F34D-4478-A9FA-B33C50AACC7A}
		{2BA43928-2A20-42BD-8181-02B8B6A53951} = {CCB28D0C-F34D-4478-A9FA-B33C50AACC7A}
		{907B79FD-0863-4472-B392-92176ADD69E4} = {CCB28D0C-F34D-4478-A9FA-B33C50AACC7A}
		{FCD96DA1-A48B-491B-B582-928373AEABBC} = {3E276908-B0A9-42E8-BA26-1555FBECC770}
		{8D35064F-817C-4F0D-B8F5-F20778EDB906} = {3E276908-B0A9-42E8-BA26-1555FBECC770}
		{95340C34-2CB3-47EA-8ADF-821002ECC50E} = {3E276908-B0A9-42E8-BA26-1555FBECC770}
		{551E8F95-EC16-44B8-A50A-11BBA4824984} = {3E276908-B0A9-42E8-BA26-1555FBECC770}
		{5547538D-9D54-4CD4-9A17-40D67BA4C662} = {7BFB2AE6-14C7-491E-9938-019A28D82F27}
		{EB714134-AEED-469D-8A26-41819A00E2B0} = {7BFB2AE6-14C7-491E-9938-019A28D82F27}
		{504ECA49-B193-4503-92B0-EDA577B5E56D} = {7BFB2AE6-14C7-491E-9938-019A28D82F27}
		{8C989464-0AC3-4BC1-8528-59C06BEC8FE1} = {5CC4E323-7D07-48DA-BDFD-1E57890E5A1D}
		{BEF6158F-B9C7-4046-BE36-AA21EBCECE84} = {E4762EAD-9B2C-4136-817E-B2FA292DA42A}
		{266F744C-FEC6-4433-9110-FFC83F2A6CFE} = {68030B4D-0E51-4FAA-BCCC-168B19DC3054}
	EndGlobalSection
	GlobalSection(ExtensibilityGlobals) = postSolution
		SolutionGuid = {1D9B90CF-4C55-43F0-AA87-459181116B86}
	EndGlobalSection
EndGlobal
